
Microsoft Visual Studio Solution File, Format Version 12.00
# Visual Studio Version 17
VisualStudioVersion = 17.0.31717.71
MinimumVisualStudioVersion = 10.0.40219.1
Project("{9A19103F-16F7-4668-BE54-9A1E7A4F7556}") = "HyperGallery.Service", "HyperGallery\HyperGallery.Service.csproj", "{8F8E2961-1C86-4D4D-B41E-AD378393DD67}"
EndProject
Project("{9A19103F-16F7-4668-BE54-9A1E7A4F7556}") = "HyperGallery.Shared", "HyperGallery.Shared\HyperGallery.Shared.csproj", "{F659163F-48DA-414C-A034-4EF87093F409}"
EndProject
Project("{9A19103F-16F7-4668-BE54-9A1E7A4F7556}") = "MediaGallery.CLI", "HyperGallery.CLI\MediaGallery.CLI.csproj", "{36193D05-9DD4-41B5-8D66-CE2170E1826D}"
EndProject
Project("{9A19103F-16F7-4668-BE54-9A1E7A4F7556}") = "HyperGallery.Web", "Center.Razor\HyperGallery.Web.csproj", "{869698CA-1425-43E9-8E9F-C2C8647B966D}"
EndProject
Global
	GlobalSection(SolutionConfigurationPlatforms) = preSolution
		Debug|Any CPU = Debug|Any CPU
		Release|Any CPU = Release|Any CPU
	EndGlobalSection
	GlobalSection(ProjectConfigurationPlatforms) = postSolution
		{8F8E2961-1C86-4D4D-B41E-AD378393DD67}.Debug|Any CPU.ActiveCfg = Debug|Any CPU
		{8F8E2961-1C86-4D4D-B41E-AD378393DD67}.Debug|Any CPU.Build.0 = Debug|Any CPU
		{8F8E2961-1C86-4D4D-B41E-AD378393DD67}.Release|Any CPU.ActiveCfg = Release|Any CPU
		{8F8E2961-1C86-4D4D-B41E-AD378393DD67}.Release|Any CPU.Build.0 = Release|Any CPU
		{F659163F-48DA-414C-A034-4EF87093F409}.Debug|Any CPU.ActiveCfg = Debug|Any CPU
		{F659163F-48DA-414C-A034-4EF87093F409}.Debug|Any CPU.Build.0 = Debug|Any CPU
		{F659163F-48DA-414C-A034-4EF87093F409}.Release|Any CPU.ActiveCfg = Release|Any CPU
		{F659163F-48DA-414C-A034-4EF87093F409}.Release|Any CPU.Build.0 = Release|Any CPU
		{36193D05-9DD4-41B5-8D66-CE2170E1826D}.Debug|Any CPU.ActiveCfg = Debug|Any CPU
		{36193D05-9DD4-41B5-8D66-CE2170E1826D}.Debug|Any CPU.Build.0 = Debug|Any CPU
		{36193D05-9DD4-41B5-8D66-CE2170E1826D}.Release|Any CPU.ActiveCfg = Release|Any CPU
		{36193D05-9DD4-41B5-8D66-CE2170E1826D}.Release|Any CPU.Build.0 = Release|Any CPU
		{869698CA-1425-43E9-8E9F-C2C8647B966D}.Debug|Any CPU.ActiveCfg = Debug|Any CPU
		{869698CA-1425-43E9-8E9F-C2C8647B966D}.Debug|Any CPU.Build.0 = Debug|Any CPU
		{869698CA-1425-43E9-8E9F-C2C8647B966D}.Release|Any CPU.ActiveCfg = Release|Any CPU
		{869698CA-1425-43E9-8E9F-C2C8647B966D}.Release|Any CPU.Build.0 = Release|Any CPU
	EndGlobalSection
	GlobalSection(SolutionProperties) = preSolution
		HideSolutionNode = FALSE
	EndGlobalSection
	GlobalSection(ExtensibilityGlobals) = postSolution
		SolutionGuid = {1E7A49C9-2415-4E41-81F3-BD87BC9FACFA}
	EndGlobalSection
EndGlobal
